
Microsoft Visual Studio Solution File, Format Version 12.00
# Visual Studio 15
VisualStudioVersion = 15.0.27703.2042
MinimumVisualStudioVersion = 10.0.40219.1
Project("{9A19103F-16F7-4668-BE54-9A1E7A4F7556}") = "cvtohtml", "cvtohtml\cvtohtml.csproj", "{94BABD5D-98B6-4435-9D61-54D562561AC7}"
EndProject
Project("{FAE04EC0-301F-11D3-BF4B-00C04F79EFBC}") = "cvtohtml.tests", "cvtohtml.tests\cvtohtml.tests.csproj", "{3073E433-1C19-4E38-9A41-3963D2AB6CA3}"
EndProject
Global
	GlobalSection(SolutionConfigurationPlatforms) = preSolution
		Debug|Any CPU = Debug|Any CPU
		Release|Any CPU = Release|Any CPU
	EndGlobalSection
	GlobalSection(ProjectConfigurationPlatforms) = postSolution
		{94BABD5D-98B6-4435-9D61-54D562561AC7}.Debug|Any CPU.ActiveCfg = Debug|Any CPU
		{94BABD5D-98B6-4435-9D61-54D562561AC7}.Debug|Any CPU.Build.0 = Debug|Any CPU
		{94BABD5D-98B6-4435-9D61-54D562561AC7}.Release|Any CPU.ActiveCfg = Release|Any CPU
		{94BABD5D-98B6-4435-9D61-54D562561AC7}.Release|Any CPU.Build.0 = Release|Any CPU
		{3073E433-1C19-4E38-9A41-3963D2AB6CA3}.Debug|Any CPU.ActiveCfg = Debug|Any CPU
		{3073E433-1C19-4E38-9A41-3963D2AB6CA3}.Debug|Any CPU.Build.0 = Debug|Any CPU
		{3073E433-1C19-4E38-9A41-3963D2AB6CA3}.Release|Any CPU.ActiveCfg = Release|Any CPU
		{3073E433-1C19-4E38-9A41-3963D2AB6CA3}.Release|Any CPU.Build.0 = Release|Any CPU
	EndGlobalSection
	GlobalSection(SolutionProperties) = preSolution
		HideSolutionNode = FALSE
	EndGlobalSection
	GlobalSection(ExtensibilityGlobals) = postSolution
		SolutionGuid = {BB5F40ED-F03A-4B50-AC15-DE5A540F8573}
	EndGlobalSection
EndGlobal
